// !$*UTF8*$!
{
	archiveVersion = 1;
	classes = {
	};
	objectVersion = 46;
	objects = {

/* Begin PBXBuildFile section */
		E31F44701BCB4CC6002B3DAC /* AppDelegate.swift in Sources */ = {isa = PBXBuildFile; fileRef = E31F446F1BCB4CC6002B3DAC /* AppDelegate.swift */; };
		E31F44721BCB4CC6002B3DAC /* ViewController.swift in Sources */ = {isa = PBXBuildFile; fileRef = E31F44711BCB4CC6002B3DAC /* ViewController.swift */; };
		E31F44751BCB4CC6002B3DAC /* Main.storyboard in Resources */ = {isa = PBXBuildFile; fileRef = E31F44731BCB4CC6002B3DAC /* Main.storyboard */; };
		E31F44771BCB4CC6002B3DAC /* Assets.xcassets in Resources */ = {isa = PBXBuildFile; fileRef = E31F44761BCB4CC6002B3DAC /* Assets.xcassets */; };
		E31F447A1BCB4CC6002B3DAC /* LaunchScreen.storyboard in Resources */ = {isa = PBXBuildFile; fileRef = E31F44781BCB4CC6002B3DAC /* LaunchScreen.storyboard */; };
		E31F44851BCB4CC6002B3DAC /* SwiftDay08_Homework_TuanTATests.swift in Sources */ = {isa = PBXBuildFile; fileRef = E31F44841BCB4CC6002B3DAC /* SwiftDay08_Homework_TuanTATests.swift */; };
/* End PBXBuildFile section */

/* Begin PBXContainerItemProxy section */
		E31F44811BCB4CC6002B3DAC /* PBXContainerItemProxy */ = {
			isa = PBXContainerItemProxy;
			containerPortal = E31F44641BCB4CC6002B3DAC /* Project object */;
			proxyType = 1;
			remoteGlobalIDString = E31F446B1BCB4CC6002B3DAC;
			remoteInfo = SwiftDay08_Homework_TuanTA;
		};
/* End PBXContainerItemProxy section */

/* Begin PBXFileReference section */
		E31F446C1BCB4CC6002B3DAC /* SwiftDay08_Homework_TuanTA.app */ = {isa = PBXFileReference; explicitFileType = wrapper.application; includeInIndex = 0; path = SwiftDay08_Homework_TuanTA.app; sourceTree = BUILT_PRODUCTS_DIR; };
		E31F446F1BCB4CC6002B3DAC /* AppDelegate.swift */ = {isa = PBXFileReference; lastKnownFileType = sourcecode.swift; path = AppDelegate.swift; sourceTree = "<group>"; };
		E31F44711BCB4CC6002B3DAC /* ViewController.swift */ = {isa = PBXFileReference; lastKnownFileType = sourcecode.swift; path = ViewController.swift; sourceTree = "<group>"; };
		E31F44741BCB4CC6002B3DAC /* Base */ = {isa = PBXFileReference; lastKnownFileType = file.storyboard; name = Base; path = Base.lproj/Main.storyboard; sourceTree = "<group>"; };
		E31F44761BCB4CC6002B3DAC /* Assets.xcassets */ = {isa = PBXFileReference; lastKnownFileType = folder.assetcatalog; path = Assets.xcassets; sourceTree = "<group>"; };
		E31F44791BCB4CC6002B3DAC /* Base */ = {isa = PBXFileReference; lastKnownFileType = file.storyboard; name = Base; path = Base.lproj/LaunchScreen.storyboard; sourceTree = "<group>"; };
		E31F447B1BCB4CC6002B3DAC /* Info.plist */ = {isa = PBXFileReference; lastKnownFileType = text.plist.xml; path = Info.plist; sourceTree = "<group>"; };
		E31F44801BCB4CC6002B3DAC /* SwiftDay08_Homework_TuanTATests.xctest */ = {isa = PBXFileReference; explicitFileType = wrapper.cfbundle; includeInIndex = 0; path = SwiftDay08_Homework_TuanTATests.xctest; sourceTree = BUILT_PRODUCTS_DIR; };
		E31F44841BCB4CC6002B3DAC /* SwiftDay08_Homework_TuanTATests.swift */ = {isa = PBXFileReference; lastKnownFileType = sourcecode.swift; path = SwiftDay08_Homework_TuanTATests.swift; sourceTree = "<group>"; };
		E31F44861BCB4CC6002B3DAC /* Info.plist */ = {isa = PBXFileReference; lastKnownFileType = text.plist.xml; path = Info.plist; sourceTree = "<group>"; };
/* End PBXFileReference section */

/* Begin PBXFrameworksBuildPhase section */
		E31F44691BCB4CC6002B3DAC /* Frameworks */ = {
			isa = PBXFrameworksBuildPhase;
			buildActionMask = 2147483647;
			files = (
			);
			runOnlyForDeploymentPostprocessing = 0;
		};
		E31F447D1BCB4CC6002B3DAC /* Frameworks */ = {
			isa = PBXFrameworksBuildPhase;
			buildActionMask = 2147483647;
			files = (
			);
			runOnlyForDeploymentPostprocessing = 0;
		};
/* End PBXFrameworksBuildPhase section */

/* Begin PBXGroup section */
		E31F44631BCB4CC6002B3DAC = {
			isa = PBXGroup;
			children = (
				E31F446E1BCB4CC6002B3DAC /* SwiftDay08_Homework_TuanTA */,
				E31F44831BCB4CC6002B3DAC /* SwiftDay08_Homework_TuanTATests */,
				E31F446D1BCB4CC6002B3DAC /* Products */,
			);
			sourceTree = "<group>";
		};
		E31F446D1BCB4CC6002B3DAC /* Products */ = {
			isa = PBXGroup;
			children = (
				E31F446C1BCB4CC6002B3DAC /* SwiftDay08_Homework_TuanTA.app */,
				E31F44801BCB4CC6002B3DAC /* SwiftDay08_Homework_TuanTATests.xctest */,
			);
			name = Products;
			sourceTree = "<group>";
		};
		E31F446E1BCB4CC6002B3DAC /* SwiftDay08_Homework_TuanTA */ = {
			isa = PBXGroup;
			children = (
				E31F446F1BCB4CC6002B3DAC /* AppDelegate.swift */,
				E31F44711BCB4CC6002B3DAC /* ViewController.swift */,
				E31F44731BCB4CC6002B3DAC /* Main.storyboard */,
				E31F44761BCB4CC6002B3DAC /* Assets.xcassets */,
				E31F44781BCB4CC6002B3DAC /* LaunchScreen.storyboard */,
				E31F447B1BCB4CC6002B3DAC /* Info.plist */,
			);
			path = SwiftDay08_Homework_TuanTA;
			sourceTree = "<group>";
		};
		E31F44831BCB4CC6002B3DAC /* SwiftDay08_Homework_TuanTATests */ = {
			isa = PBXGroup;
			children = (
				E31F44841BCB4CC6002B3DAC /* SwiftDay08_Homework_TuanTATests.swift */,
				E31F44861BCB4CC6002B3DAC /* Info.plist */,
			);
			path = SwiftDay08_Homework_TuanTATests;
			sourceTree = "<group>";
		};
/* End PBXGroup section */

/* Begin PBXNativeTarget section */
		E31F446B1BCB4CC6002B3DAC /* SwiftDay08_Homework_TuanTA */ = {
			isa = PBXNativeTarget;
			buildConfigurationList = E31F44891BCB4CC6002B3DAC /* Build configuration list for PBXNativeTarget "SwiftDay08_Homework_TuanTA" */;
			buildPhases = (
				E31F44681BCB4CC6002B3DAC /* Sources */,
				E31F44691BCB4CC6002B3DAC /* Frameworks */,
				E31F446A1BCB4CC6002B3DAC /* Resources */,
			);
			buildRules = (
			);
			dependencies = (
			);
			name = SwiftDay08_Homework_TuanTA;
			productName = SwiftDay08_Homework_TuanTA;
			productReference = E31F446C1BCB4CC6002B3DAC /* SwiftDay08_Homework_TuanTA.app */;
			productType = "com.apple.product-type.application";
		};
		E31F447F1BCB4CC6002B3DAC /* SwiftDay08_Homework_TuanTATests */ = {
			isa = PBXNativeTarget;
			buildConfigurationList = E31F448C1BCB4CC6002B3DAC /* Build configuration list for PBXNativeTarget "SwiftDay08_Homework_TuanTATests" */;
			buildPhases = (
				E31F447C1BCB4CC6002B3DAC /* Sources */,
				E31F447D1BCB4CC6002B3DAC /* Frameworks */,
				E31F447E1BCB4CC6002B3DAC /* Resources */,
			);
			buildRules = (
			);
			dependencies = (
				E31F44821BCB4CC6002B3DAC /* PBXTargetDependency */,
			);
			name = SwiftDay08_Homework_TuanTATests;
			productName = SwiftDay08_Homework_TuanTATests;
			productReference = E31F44801BCB4CC6002B3DAC /* SwiftDay08_Homework_TuanTATests.xctest */;
			productType = "com.apple.product-type.bundle.unit-test";
		};
/* End PBXNativeTarget section */

/* Begin PBXProject section */
		E31F44641BCB4CC6002B3DAC /* Project object */ = {
			isa = PBXProject;
			attributes = {
				LastUpgradeCheck = 0700;
				ORGANIZATIONNAME = "Anh Tuấn Trương";
				TargetAttributes = {
					E31F446B1BCB4CC6002B3DAC = {
						CreatedOnToolsVersion = 7.0.1;
						DevelopmentTeam = CX547NG6GD;
					};
					E31F447F1BCB4CC6002B3DAC = {
						CreatedOnToolsVersion = 7.0.1;
						DevelopmentTeam = CX547NG6GD;
						TestTargetID = E31F446B1BCB4CC6002B3DAC;
					};
				};
			};
			buildConfigurationList = E31F44671BCB4CC6002B3DAC /* Build configuration list for PBXProject "SwiftDay08_Homework_TuanTA" */;
			compatibilityVersion = "Xcode 3.2";
			developmentRegion = English;
			hasScannedForEncodings = 0;
			knownRegions = (
				en,
				Base,
			);
			mainGroup = E31F44631BCB4CC6002B3DAC;
			productRefGroup = E31F446D1BCB4CC6002B3DAC /* Products */;
			projectDirPath = "";
			projectRoot = "";
			targets = (
				E31F446B1BCB4CC6002B3DAC /* SwiftDay08_Homework_TuanTA */,
				E31F447F1BCB4CC6002B3DAC /* SwiftDay08_Homework_TuanTATests */,
			);
		};
/* End PBXProject section */

/* Begin PBXResourcesBuildPhase section */
		E31F446A1BCB4CC6002B3DAC /* Resources */ = {
			isa = PBXResourcesBuildPhase;
			buildActionMask = 2147483647;
			files = (
				E31F447A1BCB4CC6002B3DAC /* LaunchScreen.storyboard in Resources */,
				E31F44771BCB4CC6002B3DAC /* Assets.xcassets in Resources */,
				E31F44751BCB4CC6002B3DAC /* Main.storyboard in Resources */,
			);
			runOnlyForDeploymentPostprocessing = 0;
		};
		E31F447E1BCB4CC6002B3DAC /* Resources */ = {
			isa = PBXResourcesBuildPhase;
			buildActionMask = 2147483647;
			files = (
			);
			runOnlyForDeploymentPostprocessing = 0;
		};
/* End PBXResourcesBuildPhase section */

/* Begin PBXSourcesBuildPhase section */
		E31F44681BCB4CC6002B3DAC /* Sources */ = {
			isa = PBXSourcesBuildPhase;
			buildActionMask = 2147483647;
			files = (
				E31F44721BCB4CC6002B3DAC /* ViewController.swift in Sources */,
				E31F44701BCB4CC6002B3DAC /* AppDelegate.swift in Sources */,
			);
			runOnlyForDeploymentPostprocessing = 0;
		};
		E31F447C1BCB4CC6002B3DAC /* Sources */ = {
			isa = PBXSourcesBuildPhase;
			buildActionMask = 2147483647;
			files = (
				E31F44851BCB4CC6002B3DAC /* SwiftDay08_Homework_TuanTATests.swift in Sources */,
			);
			runOnlyForDeploymentPostprocessing = 0;
		};
/* End PBXSourcesBuildPhase section */

/* Begin PBXTargetDependency section */
		E31F44821BCB4CC6002B3DAC /* PBXTargetDependency */ = {
			isa = PBXTargetDependency;
			target = E31F446B1BCB4CC6002B3DAC /* SwiftDay08_Homework_TuanTA */;
			targetProxy = E31F44811BCB4CC6002B3DAC /* PBXContainerItemProxy */;
		};
/* End PBXTargetDependency section */

/* Begin PBXVariantGroup section */
		E31F44731BCB4CC6002B3DAC /* Main.storyboard */ = {
			isa = PBXVariantGroup;
			children = (
				E31F44741BCB4CC6002B3DAC /* Base */,
			);
			name = Main.storyboard;
			sourceTree = "<group>";
		};
		E31F44781BCB4CC6002B3DAC /* LaunchScreen.storyboard */ = {
			isa = PBXVariantGroup;
			children = (
				E31F44791BCB4CC6002B3DAC /* Base */,
			);
			name = LaunchScreen.storyboard;
			sourceTree = "<group>";
		};
/* End PBXVariantGroup section */

/* Begin XCBuildConfiguration section */
		E31F44871BCB4CC6002B3DAC /* Debug */ = {
			isa = XCBuildConfiguration;
			buildSettings = {
				ALWAYS_SEARCH_USER_PATHS = NO;
				CLANG_CXX_LANGUAGE_STANDARD = "gnu++0x";
				CLANG_CXX_LIBRARY = "libc++";
				CLANG_ENABLE_MODULES = YES;
				CLANG_ENABLE_OBJC_ARC = YES;
				CLANG_WARN_BOOL_CONVERSION = YES;
				CLANG_WARN_CONSTANT_CONVERSION = YES;
				CLANG_WARN_DIRECT_OBJC_ISA_USAGE = YES_ERROR;
				CLANG_WARN_EMPTY_BODY = YES;
				CLANG_WARN_ENUM_CONVERSION = YES;
				CLANG_WARN_INT_CONVERSION = YES;
				CLANG_WARN_OBJC_ROOT_CLASS = YES_ERROR;
				CLANG_WARN_UNREACHABLE_CODE = YES;
				CLANG_WARN__DUPLICATE_METHOD_MATCH = YES;
				"CODE_SIGN_IDENTITY[sdk=iphoneos*]" = "iPhone Developer";
				COPY_PHASE_STRIP = NO;
				DEBUG_INFORMATION_FORMAT = dwarf;
				ENABLE_STRICT_OBJC_MSGSEND = YES;
				ENABLE_TESTABILITY = YES;
				GCC_C_LANGUAGE_STANDARD = gnu99;
				GCC_DYNAMIC_NO_PIC = NO;
				GCC_NO_COMMON_BLOCKS = YES;
				GCC_OPTIMIZATION_LEVEL = 0;
				GCC_PREPROCESSOR_DEFINITIONS = (
					"DEBUG=1",
					"$(inherited)",
				);
				GCC_WARN_64_TO_32_BIT_CONVERSION = YES;
				GCC_WARN_ABOUT_RETURN_TYPE = YES_ERROR;
				GCC_WARN_UNDECLARED_SELECTOR = YES;
				GCC_WARN_UNINITIALIZED_AUTOS = YES_AGGRESSIVE;
				GCC_WARN_UNUSED_FUNCTION = YES;
				GCC_WARN_UNUSED_VARIABLE = YES;
				IPHONEOS_DEPLOYMENT_TARGET = 9.0;
				MTL_ENABLE_DEBUG_INFO = YES;
				ONLY_ACTIVE_ARCH = YES;
				SDKROOT = iphoneos;
				SWIFT_OPTIMIZATION_LEVEL = "-Onone";
				TARGETED_DEVICE_FAMILY = "1,2";
			};
			name = Debug;
		};
		E31F44881BCB4CC6002B3DAC /* Release */ = {
			isa = XCBuildConfiguration;
			buildSettings = {
				ALWAYS_SEARCH_USER_PATHS = NO;
				CLANG_CXX_LANGUAGE_STANDARD = "gnu++0x";
				CLANG_CXX_LIBRARY = "libc++";
				CLANG_ENABLE_MODULES = YES;
				CLANG_ENABLE_OBJC_ARC = YES;
				CLANG_WARN_BOOL_CONVERSION = YES;
				CLANG_WARN_CONSTANT_CONVERSION = YES;
				CLANG_WARN_DIRECT_OBJC_ISA_USAGE = YES_ERROR;
				CLANG_WARN_EMPTY_BODY = YES;
				CLANG_WARN_ENUM_CONVERSION = YES;
				CLANG_WARN_INT_CONVERSION = YES;
				CLANG_WARN_OBJC_ROOT_CLASS = YES_ERROR;
				CLANG_WARN_UNREACHABLE_CODE = YES;
				CLANG_WARN__DUPLICATE_METHOD_MATCH = YES;
				"CODE_SIGN_IDENTITY[sdk=iphoneos*]" = "iPhone Developer";
				COPY_PHASE_STRIP = NO;
				DEBUG_INFORMATION_FORMAT = "dwarf-with-dsym";
				ENABLE_NS_ASSERTIONS = NO;
				ENABLE_STRICT_OBJC_MSGSEND = YES;
				GCC_C_LANGUAGE_STANDARD = gnu99;
				GCC_NO_COMMON_BLOCKS = YES;
				GCC_WARN_64_TO_32_BIT_CONVERSION = YES;
				GCC_WARN_ABOUT_RETURN_TYPE = YES_ERROR;
				GCC_WARN_UNDECLARED_SELECTOR = YES;
				GCC_WARN_UNINITIALIZED_AUTOS = YES_AGGRESSIVE;
				GCC_WARN_UNUSED_FUNCTION = YES;
				GCC_WARN_UNUSED_VARIABLE = YES;
				IPHONEOS_DEPLOYMENT_TARGET = 9.0;
				MTL_ENABLE_DEBUG_INFO = NO;
				SDKROOT = iphoneos;
				TARGETED_DEVICE_FAMILY = "1,2";
				VALIDATE_PRODUCT = YES;
			};
			name = Release;
		};
		E31F448A1BCB4CC6002B3DAC /* Debug */ = {
			isa = XCBuildConfiguration;
			buildSettings = {
				ASSETCATALOG_COMPILER_APPICON_NAME = AppIcon;
				INFOPLIST_FILE = SwiftDay08_Homework_TuanTA/Info.plist;
				LD_RUNPATH_SEARCH_PATHS = "$(inherited) @executable_path/Frameworks";
				PRODUCT_BUNDLE_IDENTIFIER = "Homework.SwiftDay08-Homework-TuanTA";
				PRODUCT_NAME = "$(TARGET_NAME)";
			};
			name = Debug;
		};
		E31F448B1BCB4CC6002B3DAC /* Release */ = {
			isa = XCBuildConfiguration;
			buildSettings = {
				ASSETCATALOG_COMPILER_APPICON_NAME = AppIcon;
				INFOPLIST_FILE = SwiftDay08_Homework_TuanTA/Info.plist;
				LD_RUNPATH_SEARCH_PATHS = "$(inherited) @executable_path/Frameworks";
				PRODUCT_BUNDLE_IDENTIFIER = "Homework.SwiftDay08-Homework-TuanTA";
				PRODUCT_NAME = "$(TARGET_NAME)";
			};
			name = Release;
		};
		E31F448D1BCB4CC6002B3DAC /* Debug */ = {
			isa = XCBuildConfiguration;
			buildSettings = {
				BUNDLE_LOADER = "$(TEST_HOST)";
				INFOPLIST_FILE = SwiftDay08_Homework_TuanTATests/Info.plist;
				LD_RUNPATH_SEARCH_PATHS = "$(inherited) @executable_path/Frameworks @loader_path/Frameworks";
				PRODUCT_BUNDLE_IDENTIFIER = "Homework.SwiftDay08-Homework-TuanTATests";
				PRODUCT_NAME = "$(TARGET_NAME)";
				TEST_HOST = "$(BUILT_PRODUCTS_DIR)/SwiftDay08_Homework_TuanTA.app/SwiftDay08_Homework_TuanTA";
			};
			name = Debug;
		};
		E31F448E1BCB4CC6002B3DAC /* Release */ = {
			isa = XCBuildConfiguration;
			buildSettings = {
				BUNDLE_LOADER = "$(TEST_HOST)";
				INFOPLIST_FILE = SwiftDay08_Homework_TuanTATests/Info.plist;
				LD_RUNPATH_SEARCH_PATHS = "$(inherited) @executable_path/Frameworks @loader_path/Frameworks";
				PRODUCT_BUNDLE_IDENTIFIER = "Homework.SwiftDay08-Homework-TuanTATests";
				PRODUCT_NAME = "$(TARGET_NAME)";
				TEST_HOST = "$(BUILT_PRODUCTS_DIR)/SwiftDay08_Homework_TuanTA.app/SwiftDay08_Homework_TuanTA";
			};
			name = Release;
		};
/* End XCBuildConfiguration section */

/* Begin XCConfigurationList section */
		E31F44671BCB4CC6002B3DAC /* Build configuration list for PBXProject "SwiftDay08_Homework_TuanTA" */ = {
			isa = XCConfigurationList;
			buildConfigurations = (
				E31F44871BCB4CC6002B3DAC /* Debug */,
				E31F44881BCB4CC6002B3DAC /* Release */,
			);
			defaultConfigurationIsVisible = 0;
			defaultConfigurationName = Release;
		};
		E31F44891BCB4CC6002B3DAC /* Build configuration list for PBXNativeTarget "SwiftDay08_Homework_TuanTA" */ = {
			isa = XCConfigurationList;
			buildConfigurations = (
				E31F448A1BCB4CC6002B3DAC /* Debug */,
				E31F448B1BCB4CC6002B3DAC /* Release */,
			);
			defaultConfigurationIsVisible = 0;
		};
		E31F448C1BCB4CC6002B3DAC /* Build configuration list for PBXNativeTarget "SwiftDay08_Homework_TuanTATests" */ = {
			isa = XCConfigurationList;
			buildConfigurations = (
				E31F448D1BCB4CC6002B3DAC /* Debug */,
				E31F448E1BCB4CC6002B3DAC /* Release */,
			);
			defaultConfigurationIsVisible = 0;
		};
/* End XCConfigurationList section */
	};
	rootObject = E31F44641BCB4CC6002B3DAC /* Project object */;
}
